
Microsoft Visual Studio Solution File, Format Version 12.00
# Visual Studio Version 17
VisualStudioVersion = 17.0.31903.59
MinimumVisualStudioVersion = 10.0.40219.1
Project("{FAE04EC0-301F-11D3-BF4B-00C04F79EFBC}") = "Mini_inventory", "Mini_inventory\Mini_inventory.csproj", "{B0282B0C-17FD-4801-8BBE-33F31E4B1CDF}"
EndProject
Global
	GlobalSection(SolutionConfigurationPlatforms) = preSolution
		Debug|Any CPU = Debug|Any CPU
		Release|Any CPU = Release|Any CPU
	EndGlobalSection
	GlobalSection(SolutionProperties) = preSolution
		HideSolutionNode = FALSE
	EndGlobalSection
	GlobalSection(ProjectConfigurationPlatforms) = postSolution
		{B0282B0C-17FD-4801-8BBE-33F31E4B1CDF}.Debug|Any CPU.ActiveCfg = Debug|Any CPU
		{B0282B0C-17FD-4801-8BBE-33F31E4B1CDF}.Debug|Any CPU.Build.0 = Debug|Any CPU
		{B0282B0C-17FD-4801-8BBE-33F31E4B1CDF}.Release|Any CPU.ActiveCfg = Release|Any CPU
		{B0282B0C-17FD-4801-8BBE-33F31E4B1CDF}.Release|Any CPU.Build.0 = Release|Any CPU
	EndGlobalSection
EndGlobal
